
Microsoft Visual Studio Solution File, Format Version 12.00
# Visual Studio Version 17
VisualStudioVersion = 17.6.33829.357
MinimumVisualStudioVersion = 10.0.40219.1
Project("{FAE04EC0-301F-11D3-BF4B-00C04F79EFBC}") = "JisaProgramms", "JisaProgramms\JisaProgramms.csproj", "{858E9015-E561-4E9B-8421-6C3F661374B2}"
EndProject
Global
	GlobalSection(SolutionConfigurationPlatforms) = preSolution
		Debug|Any CPU = Debug|Any CPU
		Release|Any CPU = Release|Any CPU
	EndGlobalSection
	GlobalSection(ProjectConfigurationPlatforms) = postSolution
		{858E9015-E561-4E9B-8421-6C3F661374B2}.Debug|Any CPU.ActiveCfg = Debug|Any CPU
		{858E9015-E561-4E9B-8421-6C3F661374B2}.Debug|Any CPU.Build.0 = Debug|Any CPU
		{858E9015-E561-4E9B-8421-6C3F661374B2}.Release|Any CPU.ActiveCfg = Release|Any CPU
		{858E9015-E561-4E9B-8421-6C3F661374B2}.Release|Any CPU.Build.0 = Release|Any CPU
	EndGlobalSection
	GlobalSection(SolutionProperties) = preSolution
		HideSolutionNode = FALSE
	EndGlobalSection
	GlobalSection(ExtensibilityGlobals) = postSolution
		SolutionGuid = {31B69854-76D3-48A8-9E52-BDB2511A55DF}
	EndGlobalSection
EndGlobal
